
Microsoft Visual Studio Solution File, Format Version 12.00
# Visual Studio Version 17
VisualStudioVersion = 17.10.35122.118
MinimumVisualStudioVersion = 10.0.40219.1
Project("{FAE04EC0-301F-11D3-BF4B-00C04F79EFBC}") = "LoginMiddlewareExample", "LoginMiddlewareExample\LoginMiddlewareExample.csproj", "{BF9B676C-CB0D-46AB-BA58-FB55D893AECF}"
EndProject
Global
	GlobalSection(SolutionConfigurationPlatforms) = preSolution
		Debug|Any CPU = Debug|Any CPU
		Release|Any CPU = Release|Any CPU
	EndGlobalSection
	GlobalSection(ProjectConfigurationPlatforms) = postSolution
		{BF9B676C-CB0D-46AB-BA58-FB55D893AECF}.Debug|Any CPU.ActiveCfg = Debug|Any CPU
		{BF9B676C-CB0D-46AB-BA58-FB55D893AECF}.Debug|Any CPU.Build.0 = Debug|Any CPU
		{BF9B676C-CB0D-46AB-BA58-FB55D893AECF}.Release|Any CPU.ActiveCfg = Release|Any CPU
		{BF9B676C-CB0D-46AB-BA58-FB55D893AECF}.Release|Any CPU.Build.0 = Release|Any CPU
	EndGlobalSection
	GlobalSection(SolutionProperties) = preSolution
		HideSolutionNode = FALSE
	EndGlobalSection
	GlobalSection(ExtensibilityGlobals) = postSolution
		SolutionGuid = {CD06D6C2-580F-4CCA-9DCD-CB360177A6B6}
	EndGlobalSection
EndGlobal
