
Microsoft Visual Studio Solution File, Format Version 12.00
# Visual Studio Version 17
VisualStudioVersion = 17.10.35122.118
MinimumVisualStudioVersion = 10.0.40219.1
Project("{FAE04EC0-301F-11D3-BF4B-00C04F79EFBC}") = "Middle-ware", "Middle-ware\Middle-ware.csproj", "{FA3F6000-A096-4366-A8D5-53BFEE99C1AF}"
EndProject
Global
	GlobalSection(SolutionConfigurationPlatforms) = preSolution
		Debug|Any CPU = Debug|Any CPU
		Release|Any CPU = Release|Any CPU
	EndGlobalSection
	GlobalSection(ProjectConfigurationPlatforms) = postSolution
		{FA3F6000-A096-4366-A8D5-53BFEE99C1AF}.Debug|Any CPU.ActiveCfg = Debug|Any CPU
		{FA3F6000-A096-4366-A8D5-53BFEE99C1AF}.Debug|Any CPU.Build.0 = Debug|Any CPU
		{FA3F6000-A096-4366-A8D5-53BFEE99C1AF}.Release|Any CPU.ActiveCfg = Release|Any CPU
		{FA3F6000-A096-4366-A8D5-53BFEE99C1AF}.Release|Any CPU.Build.0 = Release|Any CPU
	EndGlobalSection
	GlobalSection(SolutionProperties) = preSolution
		HideSolutionNode = FALSE
	EndGlobalSection
	GlobalSection(ExtensibilityGlobals) = postSolution
		SolutionGuid = {8EE8E415-5517-4DF2-AAC7-2EE6371EB0CF}
	EndGlobalSection
EndGlobal
